
Microsoft Visual Studio Solution File, Format Version 12.00
# Visual Studio Version 16
VisualStudioVersion = 16.0.32413.511
MinimumVisualStudioVersion = 10.0.40219.1
Project("{FAE04EC0-301F-11D3-BF4B-00C04F79EFBC}") = "Spotify 9.0.0", "Spotify 9.0.0.csproj", "{FAEF2C9D-05CB-4686-89FB-BC1AAB0D836A}"
EndProject
Global
	GlobalSection(SolutionConfigurationPlatforms) = preSolution
		Debug|Any CPU = Debug|Any CPU
		Release|Any CPU = Release|Any CPU
	EndGlobalSection
	GlobalSection(ProjectConfigurationPlatforms) = postSolution
		{FAEF2C9D-05CB-4686-89FB-BC1AAB0D836A}.Debug|Any CPU.ActiveCfg = Debug|Any CPU
		{FAEF2C9D-05CB-4686-89FB-BC1AAB0D836A}.Debug|Any CPU.Build.0 = Debug|Any CPU
		{FAEF2C9D-05CB-4686-89FB-BC1AAB0D836A}.Release|Any CPU.ActiveCfg = Release|Any CPU
		{FAEF2C9D-05CB-4686-89FB-BC1AAB0D836A}.Release|Any CPU.Build.0 = Release|Any CPU
	EndGlobalSection
	GlobalSection(SolutionProperties) = preSolution
		HideSolutionNode = FALSE
	EndGlobalSection
	GlobalSection(ExtensibilityGlobals) = postSolution
		SolutionGuid = {B208DE2A-1E4C-4A09-AF8C-B661ADB673F7}
	EndGlobalSection
EndGlobal
